
Microsoft Visual Studio Solution File, Format Version 12.00
# Visual Studio Version 17
VisualStudioVersion = 17.6.33815.320
MinimumVisualStudioVersion = 10.0.40219.1
Project("{FAE04EC0-301F-11D3-BF4B-00C04F79EFBC}") = "My_First_c#_API", "My_First_c#_API\My_First_c#_API.csproj", "{42479BFC-CEF8-444B-B0E2-36B5DDF3EF93}"
EndProject
Global
	GlobalSection(SolutionConfigurationPlatforms) = preSolution
		Debug|Any CPU = Debug|Any CPU
		Release|Any CPU = Release|Any CPU
	EndGlobalSection
	GlobalSection(ProjectConfigurationPlatforms) = postSolution
		{42479BFC-CEF8-444B-B0E2-36B5DDF3EF93}.Debug|Any CPU.ActiveCfg = Debug|Any CPU
		{42479BFC-CEF8-444B-B0E2-36B5DDF3EF93}.Debug|Any CPU.Build.0 = Debug|Any CPU
		{42479BFC-CEF8-444B-B0E2-36B5DDF3EF93}.Release|Any CPU.ActiveCfg = Release|Any CPU
		{42479BFC-CEF8-444B-B0E2-36B5DDF3EF93}.Release|Any CPU.Build.0 = Release|Any CPU
	EndGlobalSection
	GlobalSection(SolutionProperties) = preSolution
		HideSolutionNode = FALSE
	EndGlobalSection
	GlobalSection(ExtensibilityGlobals) = postSolution
		SolutionGuid = {60E925EE-5BF8-4551-A84F-DBD1EC43388A}
	EndGlobalSection
EndGlobal
